{
  "lockfileVersion": 1,
  "workspaces": {
    "": {
      "name": "hono-backend",
      "dependencies": {
        "@hono/zod-validator": "^0.6.0",
        "@maca134/hono-passport": "^1.2.2",
        "@neondatabase/serverless": "^1.0.0",
        "@scalar/hono-api-reference": "^0.9.1",
        "await-to-ts": "^1.0.6",
        "better-auth": "^1.2.8",
        "date-fns": "^4.1.0",
        "drizzle-orm": "^0.44.2",
        "hono": "^4.7.10",
        "ky": "^1.8.1",
        "passport": "^0.7.0",
        "passport-http-bearer": "^1.0.1",
        "pino": "^9.7.0",
        "ts-pattern": "^5.7.1",
        "zod": "^3.25.36",
      },
      "devDependencies": {
        "@types/bun": "latest",
        "@types/passport-http-bearer": "^1.0.41",
        "drizzle-kit": "^0.31.1",
      },
    },
  },
  "packages": {
    "@better-auth/utils": ["@better-auth/utils@0.2.5", "", { "dependencies": { "typescript": "^5.8.2", "uncrypto": "^0.1.3" } }, "sha512-uI2+/8h/zVsH8RrYdG8eUErbuGBk16rZKQfz8CjxQOyCE6v7BqFYEbFwvOkvl1KbUdxhqOnXp78+uE5h8qVEgQ=="],

    "@better-fetch/fetch": ["@better-fetch/fetch@1.1.18", "", {}, "sha512-rEFOE1MYIsBmoMJtQbl32PGHHXuG2hDxvEd7rUHE0vCBoFQVSDqaVs9hkZEtHCxRoY+CljXKFCOuJ8uxqw1LcA=="],

    "@drizzle-team/brocli": ["@drizzle-team/brocli@0.10.2", "", {}, "sha512-z33Il7l5dKjUgGULTqBsQBQwckHh5AbIuxhdsIxDDiZAzBOrZO6q9ogcWC65kU382AfynTfgNumVcNIjuIua6w=="],

    "@esbuild-kit/core-utils": ["@esbuild-kit/core-utils@3.3.2", "", { "dependencies": { "esbuild": "~0.18.20", "source-map-support": "^0.5.21" } }, "sha512-sPRAnw9CdSsRmEtnsl2WXWdyquogVpB3yZ3dgwJfe8zrOzTsV7cJvmwrKVa+0ma5BoiGJ+BoqkMvawbayKUsqQ=="],

    "@esbuild-kit/esm-loader": ["@esbuild-kit/esm-loader@2.6.5", "", { "dependencies": { "@esbuild-kit/core-utils": "^3.3.2", "get-tsconfig": "^4.7.0" } }, "sha512-FxEMIkJKnodyA1OaCUoEvbYRkoZlLZ4d/eXFu9Fh8CbBBgP5EmZxrfTRyN0qpXZ4vOvqnE5YdRdcrmUUXuU+dA=="],

    "@esbuild/aix-ppc64": ["@esbuild/aix-ppc64@0.25.5", "", { "os": "aix", "cpu": "ppc64" }, "sha512-9o3TMmpmftaCMepOdA5k/yDw8SfInyzWWTjYTFCX3kPSDJMROQTb8jg+h9Cnwnmm1vOzvxN7gIfB5V2ewpjtGA=="],

    "@esbuild/android-arm": ["@esbuild/android-arm@0.25.5", "", { "os": "android", "cpu": "arm" }, "sha512-AdJKSPeEHgi7/ZhuIPtcQKr5RQdo6OO2IL87JkianiMYMPbCtot9fxPbrMiBADOWWm3T2si9stAiVsGbTQFkbA=="],

    "@esbuild/android-arm64": ["@esbuild/android-arm64@0.25.5", "", { "os": "android", "cpu": "arm64" }, "sha512-VGzGhj4lJO+TVGV1v8ntCZWJktV7SGCs3Pn1GRWI1SBFtRALoomm8k5E9Pmwg3HOAal2VDc2F9+PM/rEY6oIDg=="],

    "@esbuild/android-x64": ["@esbuild/android-x64@0.25.5", "", { "os": "android", "cpu": "x64" }, "sha512-D2GyJT1kjvO//drbRT3Hib9XPwQeWd9vZoBJn+bu/lVsOZ13cqNdDeqIF/xQ5/VmWvMduP6AmXvylO/PIc2isw=="],

    "@esbuild/darwin-arm64": ["@esbuild/darwin-arm64@0.25.5", "", { "os": "darwin", "cpu": "arm64" }, "sha512-GtaBgammVvdF7aPIgH2jxMDdivezgFu6iKpmT+48+F8Hhg5J/sfnDieg0aeG/jfSvkYQU2/pceFPDKlqZzwnfQ=="],

    "@esbuild/darwin-x64": ["@esbuild/darwin-x64@0.25.5", "", { "os": "darwin", "cpu": "x64" }, "sha512-1iT4FVL0dJ76/q1wd7XDsXrSW+oLoquptvh4CLR4kITDtqi2e/xwXwdCVH8hVHU43wgJdsq7Gxuzcs6Iq/7bxQ=="],

    "@esbuild/freebsd-arm64": ["@esbuild/freebsd-arm64@0.25.5", "", { "os": "freebsd", "cpu": "arm64" }, "sha512-nk4tGP3JThz4La38Uy/gzyXtpkPW8zSAmoUhK9xKKXdBCzKODMc2adkB2+8om9BDYugz+uGV7sLmpTYzvmz6Sw=="],

    "@esbuild/freebsd-x64": ["@esbuild/freebsd-x64@0.25.5", "", { "os": "freebsd", "cpu": "x64" }, "sha512-PrikaNjiXdR2laW6OIjlbeuCPrPaAl0IwPIaRv+SMV8CiM8i2LqVUHFC1+8eORgWyY7yhQY+2U2fA55mBzReaw=="],

    "@esbuild/linux-arm": ["@esbuild/linux-arm@0.25.5", "", { "os": "linux", "cpu": "arm" }, "sha512-cPzojwW2okgh7ZlRpcBEtsX7WBuqbLrNXqLU89GxWbNt6uIg78ET82qifUy3W6OVww6ZWobWub5oqZOVtwolfw=="],

    "@esbuild/linux-arm64": ["@esbuild/linux-arm64@0.25.5", "", { "os": "linux", "cpu": "arm64" }, "sha512-Z9kfb1v6ZlGbWj8EJk9T6czVEjjq2ntSYLY2cw6pAZl4oKtfgQuS4HOq41M/BcoLPzrUbNd+R4BXFyH//nHxVg=="],

    "@esbuild/linux-ia32": ["@esbuild/linux-ia32@0.25.5", "", { "os": "linux", "cpu": "ia32" }, "sha512-sQ7l00M8bSv36GLV95BVAdhJ2QsIbCuCjh/uYrWiMQSUuV+LpXwIqhgJDcvMTj+VsQmqAHL2yYaasENvJ7CDKA=="],

    "@esbuild/linux-loong64": ["@esbuild/linux-loong64@0.25.5", "", { "os": "linux", "cpu": "none" }, "sha512-0ur7ae16hDUC4OL5iEnDb0tZHDxYmuQyhKhsPBV8f99f6Z9KQM02g33f93rNH5A30agMS46u2HP6qTdEt6Q1kg=="],

    "@esbuild/linux-mips64el": ["@esbuild/linux-mips64el@0.25.5", "", { "os": "linux", "cpu": "none" }, "sha512-kB/66P1OsHO5zLz0i6X0RxlQ+3cu0mkxS3TKFvkb5lin6uwZ/ttOkP3Z8lfR9mJOBk14ZwZ9182SIIWFGNmqmg=="],

    "@esbuild/linux-ppc64": ["@esbuild/linux-ppc64@0.25.5", "", { "os": "linux", "cpu": "ppc64" }, "sha512-UZCmJ7r9X2fe2D6jBmkLBMQetXPXIsZjQJCjgwpVDz+YMcS6oFR27alkgGv3Oqkv07bxdvw7fyB71/olceJhkQ=="],

    "@esbuild/linux-riscv64": ["@esbuild/linux-riscv64@0.25.5", "", { "os": "linux", "cpu": "none" }, "sha512-kTxwu4mLyeOlsVIFPfQo+fQJAV9mh24xL+y+Bm6ej067sYANjyEw1dNHmvoqxJUCMnkBdKpvOn0Ahql6+4VyeA=="],

    "@esbuild/linux-s390x": ["@esbuild/linux-s390x@0.25.5", "", { "os": "linux", "cpu": "s390x" }, "sha512-K2dSKTKfmdh78uJ3NcWFiqyRrimfdinS5ErLSn3vluHNeHVnBAFWC8a4X5N+7FgVE1EjXS1QDZbpqZBjfrqMTQ=="],

    "@esbuild/linux-x64": ["@esbuild/linux-x64@0.25.5", "", { "os": "linux", "cpu": "x64" }, "sha512-uhj8N2obKTE6pSZ+aMUbqq+1nXxNjZIIjCjGLfsWvVpy7gKCOL6rsY1MhRh9zLtUtAI7vpgLMK6DxjO8Qm9lJw=="],

    "@esbuild/netbsd-arm64": ["@esbuild/netbsd-arm64@0.25.5", "", { "os": "none", "cpu": "arm64" }, "sha512-pwHtMP9viAy1oHPvgxtOv+OkduK5ugofNTVDilIzBLpoWAM16r7b/mxBvfpuQDpRQFMfuVr5aLcn4yveGvBZvw=="],

    "@esbuild/netbsd-x64": ["@esbuild/netbsd-x64@0.25.5", "", { "os": "none", "cpu": "x64" }, "sha512-WOb5fKrvVTRMfWFNCroYWWklbnXH0Q5rZppjq0vQIdlsQKuw6mdSihwSo4RV/YdQ5UCKKvBy7/0ZZYLBZKIbwQ=="],

    "@esbuild/openbsd-arm64": ["@esbuild/openbsd-arm64@0.25.5", "", { "os": "openbsd", "cpu": "arm64" }, "sha512-7A208+uQKgTxHd0G0uqZO8UjK2R0DDb4fDmERtARjSHWxqMTye4Erz4zZafx7Di9Cv+lNHYuncAkiGFySoD+Mw=="],

    "@esbuild/openbsd-x64": ["@esbuild/openbsd-x64@0.25.5", "", { "os": "openbsd", "cpu": "x64" }, "sha512-G4hE405ErTWraiZ8UiSoesH8DaCsMm0Cay4fsFWOOUcz8b8rC6uCvnagr+gnioEjWn0wC+o1/TAHt+It+MpIMg=="],

    "@esbuild/sunos-x64": ["@esbuild/sunos-x64@0.25.5", "", { "os": "sunos", "cpu": "x64" }, "sha512-l+azKShMy7FxzY0Rj4RCt5VD/q8mG/e+mDivgspo+yL8zW7qEwctQ6YqKX34DTEleFAvCIUviCFX1SDZRSyMQA=="],

    "@esbuild/win32-arm64": ["@esbuild/win32-arm64@0.25.5", "", { "os": "win32", "cpu": "arm64" }, "sha512-O2S7SNZzdcFG7eFKgvwUEZ2VG9D/sn/eIiz8XRZ1Q/DO5a3s76Xv0mdBzVM5j5R639lXQmPmSo0iRpHqUUrsxw=="],

    "@esbuild/win32-ia32": ["@esbuild/win32-ia32@0.25.5", "", { "os": "win32", "cpu": "ia32" }, "sha512-onOJ02pqs9h1iMJ1PQphR+VZv8qBMQ77Klcsqv9CNW2w6yLqoURLcgERAIurY6QE63bbLuqgP9ATqajFLK5AMQ=="],

    "@esbuild/win32-x64": ["@esbuild/win32-x64@0.25.5", "", { "os": "win32", "cpu": "x64" }, "sha512-TXv6YnJ8ZMVdX+SXWVBo/0p8LTcrUYngpWjvm91TMjjBQii7Oz11Lw5lbDV5Y0TzuhSJHwiH4hEtC1I42mMS0g=="],

    "@hexagon/base64": ["@hexagon/base64@1.1.28", "", {}, "sha512-lhqDEAvWixy3bZ+UOYbPwUbBkwBq5C1LAJ/xPC8Oi+lL54oyakv/npbA0aU2hgCsx/1NUd4IBvV03+aUBWxerw=="],

    "@hono/zod-validator": ["@hono/zod-validator@0.6.0", "", { "peerDependencies": { "hono": ">=3.9.0", "zod": "^3.19.1" } }, "sha512-3aVk+cvuOE/9D6H2ugaG1kt14NT9rFyZzwRW6+aaPhMufMSiyKNvb/7pscZ/U302F8cTPD2TSTJiOUmx6TPqGg=="],

    "@levischuck/tiny-cbor": ["@levischuck/tiny-cbor@0.2.11", "", {}, "sha512-llBRm4dT4Z89aRsm6u2oEZ8tfwL/2l6BwpZ7JcyieouniDECM5AqNgr/y08zalEIvW3RSK4upYyybDcmjXqAow=="],

    "@maca134/hono-passport": ["@maca134/hono-passport@1.2.2", "", { "peerDependencies": { "@maca134/hono-session": ">=1.*", "hono": ">=4.*" } }, "sha512-BekI1f0U1dw0vFLj7MHIeC2VBx9SoNPpqlkI72chbUxQivI2ob4sJ9+wK6q2hKNaUjHyIDfOsjDTIuGXQmlzaQ=="],

    "@maca134/hono-session": ["@maca134/hono-session@1.2.0", "", { "peerDependencies": { "hono": ">=4.*" } }, "sha512-tpQKfvVtEn3xxw/JBM4DVPdMBdmRTKjkY5FKQg6i1bYcECRaErIWx5xXIKB/XBe46CQxYfBm8sqItCOkbTPnIg=="],

    "@neondatabase/serverless": ["@neondatabase/serverless@1.0.0", "", { "dependencies": { "@types/node": "^22.10.2", "@types/pg": "^8.8.0" } }, "sha512-XWmEeWpBXIoksZSDN74kftfTnXFEGZ3iX8jbANWBc+ag6dsiQuvuR4LgB0WdCOKMb5AQgjqgufc0TgAsZubUYw=="],

    "@noble/ciphers": ["@noble/ciphers@0.6.0", "", {}, "sha512-mIbq/R9QXk5/cTfESb1OKtyFnk7oc1Om/8onA1158K9/OZUQFDEVy55jVTato+xmp3XX6F6Qh0zz0Nc1AxAlRQ=="],

    "@noble/hashes": ["@noble/hashes@1.8.0", "", {}, "sha512-jCs9ldd7NwzpgXDIf6P3+NrHh9/sD6CQdxHyjQI+h/6rDNo88ypBxxz45UDuZHz9r3tNz7N/VInSVoVdtXEI4A=="],

    "@peculiar/asn1-android": ["@peculiar/asn1-android@2.3.16", "", { "dependencies": { "@peculiar/asn1-schema": "^2.3.15", "asn1js": "^3.0.5", "tslib": "^2.8.1" } }, "sha512-a1viIv3bIahXNssrOIkXZIlI2ePpZaNmR30d4aBL99mu2rO+mT9D6zBsp7H6eROWGtmwv0Ionp5olJurIo09dw=="],

    "@peculiar/asn1-ecc": ["@peculiar/asn1-ecc@2.3.15", "", { "dependencies": { "@peculiar/asn1-schema": "^2.3.15", "@peculiar/asn1-x509": "^2.3.15", "asn1js": "^3.0.5", "tslib": "^2.8.1" } }, "sha512-/HtR91dvgog7z/WhCVdxZJ/jitJuIu8iTqiyWVgRE9Ac5imt2sT/E4obqIVGKQw7PIy+X6i8lVBoT6wC73XUgA=="],

    "@peculiar/asn1-rsa": ["@peculiar/asn1-rsa@2.3.15", "", { "dependencies": { "@peculiar/asn1-schema": "^2.3.15", "@peculiar/asn1-x509": "^2.3.15", "asn1js": "^3.0.5", "tslib": "^2.8.1" } }, "sha512-p6hsanvPhexRtYSOHihLvUUgrJ8y0FtOM97N5UEpC+VifFYyZa0iZ5cXjTkZoDwxJ/TTJ1IJo3HVTB2JJTpXvg=="],

    "@peculiar/asn1-schema": ["@peculiar/asn1-schema@2.3.15", "", { "dependencies": { "asn1js": "^3.0.5", "pvtsutils": "^1.3.6", "tslib": "^2.8.1" } }, "sha512-QPeD8UA8axQREpgR5UTAfu2mqQmm97oUqahDtNdBcfj3qAnoXzFdQW+aNf/tD2WVXF8Fhmftxoj0eMIT++gX2w=="],

    "@peculiar/asn1-x509": ["@peculiar/asn1-x509@2.3.15", "", { "dependencies": { "@peculiar/asn1-schema": "^2.3.15", "asn1js": "^3.0.5", "pvtsutils": "^1.3.6", "tslib": "^2.8.1" } }, "sha512-0dK5xqTqSLaxv1FHXIcd4Q/BZNuopg+u1l23hT9rOmQ1g4dNtw0g/RnEi+TboB0gOwGtrWn269v27cMgchFIIg=="],

    "@scalar/core": ["@scalar/core@0.3.1", "", { "dependencies": { "@scalar/types": "0.2.1" } }, "sha512-k5TsihZcSdVnqE6JrRFdsvePDTe2RxjE+1wHdcnyFdIPief+ZdPn2fxCTlN0ozLoe08xlY3N9DHzDaneMpX58Q=="],

    "@scalar/hono-api-reference": ["@scalar/hono-api-reference@0.9.1", "", { "dependencies": { "@scalar/core": "0.3.1" }, "peerDependencies": { "hono": "^4.0.0" } }, "sha512-IO0yPN/dssubWXNWL2xXMF6CsM/lnu56F3J0H/EtqEMT2PYCqvb2+HRbDYa9gwPbiaccZ+Me97HZJdh4pqvFMA=="],

    "@scalar/openapi-types": ["@scalar/openapi-types@0.3.1", "", { "dependencies": { "zod": "3.24.1" } }, "sha512-635pb0OIxhhr2yVPwqExOyNh8eo01JLOqXkDvvflHFBaGo7CHvq5sduwriXdplkn2TRNkxdkdy/eNSOMNPVa1A=="],

    "@scalar/types": ["@scalar/types@0.2.1", "", { "dependencies": { "@scalar/openapi-types": "0.3.1", "nanoid": "^5.1.5", "zod": "3.24.1" } }, "sha512-eXcxuwazLABrnCjpqE4tG+FgiCKyHhKxB4V8Bn4Uj/XCBTemRd+WSzXp0mmpGuBbqz820j5UGrlZ5cWlUWaWWw=="],

    "@simplewebauthn/browser": ["@simplewebauthn/browser@13.1.0", "", {}, "sha512-WuHZ/PYvyPJ9nxSzgHtOEjogBhwJfC8xzYkPC+rR/+8chl/ft4ngjiK8kSU5HtRJfczupyOh33b25TjYbvwAcg=="],

    "@simplewebauthn/server": ["@simplewebauthn/server@13.1.1", "", { "dependencies": { "@hexagon/base64": "^1.1.27", "@levischuck/tiny-cbor": "^0.2.2", "@peculiar/asn1-android": "^2.3.10", "@peculiar/asn1-ecc": "^2.3.8", "@peculiar/asn1-rsa": "^2.3.8", "@peculiar/asn1-schema": "^2.3.8", "@peculiar/asn1-x509": "^2.3.8" } }, "sha512-1hsLpRHfSuMB9ee2aAdh0Htza/X3f4djhYISrggqGe3xopNjOcePiSDkDDoPzDYaaMCrbqGP1H2TYU7bgL9PmA=="],

    "@types/accepts": ["@types/accepts@1.3.7", "", { "dependencies": { "@types/node": "*" } }, "sha512-Pay9fq2lM2wXPWbteBsRAGiWH2hig4ZE2asK+mm7kUzlxRTfL961rj89I6zV/E3PcIkDqyuBEcMxFT7rccugeQ=="],

    "@types/body-parser": ["@types/body-parser@1.19.5", "", { "dependencies": { "@types/connect": "*", "@types/node": "*" } }, "sha512-fB3Zu92ucau0iQ0JMCFQE7b/dv8Ot07NI3KaZIkIUNXq82k4eBAqUaneXfleGY9JWskeS9y+u0nXMyspcuQrCg=="],

    "@types/bun": ["@types/bun@1.2.14", "", { "dependencies": { "bun-types": "1.2.14" } }, "sha512-VsFZKs8oKHzI7zwvECiAJ5oSorWndIWEVhfbYqZd4HI/45kzW7PN2Rr5biAzvGvRuNmYLSANY+H59ubHq8xw7Q=="],

    "@types/connect": ["@types/connect@3.4.38", "", { "dependencies": { "@types/node": "*" } }, "sha512-K6uROf1LD88uDQqJCktA4yzL1YYAK6NgfsI0v/mTgyPKWsX1CnJ0XPSDhViejru1GcRkLWb8RlzFYJRqGUbaug=="],

    "@types/content-disposition": ["@types/content-disposition@0.5.8", "", {}, "sha512-QVSSvno3dE0MgO76pJhmv4Qyi/j0Yk9pBp0Y7TJ2Tlj+KCgJWY6qX7nnxCOLkZ3VYRSIk1WTxCvwUSdx6CCLdg=="],

    "@types/cookies": ["@types/cookies@0.9.0", "", { "dependencies": { "@types/connect": "*", "@types/express": "*", "@types/keygrip": "*", "@types/node": "*" } }, "sha512-40Zk8qR147RABiQ7NQnBzWzDcjKzNrntB5BAmeGCb2p/MIyOE+4BVvc17wumsUqUw00bJYqoXFHYygQnEFh4/Q=="],

    "@types/express": ["@types/express@5.0.2", "", { "dependencies": { "@types/body-parser": "*", "@types/express-serve-static-core": "^5.0.0", "@types/serve-static": "*" } }, "sha512-BtjL3ZwbCQriyb0DGw+Rt12qAXPiBTPs815lsUvtt1Grk0vLRMZNMUZ741d5rjk+UQOxfDiBZ3dxpX00vSkK3g=="],

    "@types/express-serve-static-core": ["@types/express-serve-static-core@5.0.6", "", { "dependencies": { "@types/node": "*", "@types/qs": "*", "@types/range-parser": "*", "@types/send": "*" } }, "sha512-3xhRnjJPkULekpSzgtoNYYcTWgEZkp4myc+Saevii5JPnHNvHMRlBSHDbs7Bh1iPPoVTERHEZXyhyLbMEsExsA=="],

    "@types/http-assert": ["@types/http-assert@1.5.6", "", {}, "sha512-TTEwmtjgVbYAzZYWyeHPrrtWnfVkm8tQkP8P21uQifPgMRgjrow3XDEYqucuC8SKZJT7pUnhU/JymvjggxO9vw=="],

    "@types/http-errors": ["@types/http-errors@2.0.4", "", {}, "sha512-D0CFMMtydbJAegzOyHjtiKPLlvnm3iTZyZRSZoLq2mRhDdmLfIWOCYPfQJ4cu2erKghU++QvjcUjp/5h7hESpA=="],

    "@types/keygrip": ["@types/keygrip@1.0.6", "", {}, "sha512-lZuNAY9xeJt7Bx4t4dx0rYCDqGPW8RXhQZK1td7d4H6E9zYbLoOtjBvfwdTKpsyxQI/2jv+armjX/RW+ZNpXOQ=="],

    "@types/koa": ["@types/koa@2.15.0", "", { "dependencies": { "@types/accepts": "*", "@types/content-disposition": "*", "@types/cookies": "*", "@types/http-assert": "*", "@types/http-errors": "*", "@types/keygrip": "*", "@types/koa-compose": "*", "@types/node": "*" } }, "sha512-7QFsywoE5URbuVnG3loe03QXuGajrnotr3gQkXcEBShORai23MePfFYdhz90FEtBBpkyIYQbVD+evKtloCgX3g=="],

    "@types/koa-compose": ["@types/koa-compose@3.2.8", "", { "dependencies": { "@types/koa": "*" } }, "sha512-4Olc63RY+MKvxMwVknCUDhRQX1pFQoBZ/lXcRLP69PQkEpze/0cr8LNqJQe5NFb/b19DWi2a5bTi2VAlQzhJuA=="],

    "@types/mime": ["@types/mime@1.3.5", "", {}, "sha512-/pyBZWSLD2n0dcHE3hq8s8ZvcETHtEuF+3E7XVt0Ig2nvsVQXdghHVcEkIWjy9A0wKfTn97a/PSDYohKIlnP/w=="],

    "@types/node": ["@types/node@22.15.23", "", { "dependencies": { "undici-types": "~6.21.0" } }, "sha512-7Ec1zaFPF4RJ0eXu1YT/xgiebqwqoJz8rYPDi/O2BcZ++Wpt0Kq9cl0eg6NN6bYbPnR67ZLo7St5Q3UK0SnARw=="],

    "@types/passport": ["@types/passport@1.0.17", "", { "dependencies": { "@types/express": "*" } }, "sha512-aciLyx+wDwT2t2/kJGJR2AEeBz0nJU4WuRX04Wu9Dqc5lSUtwu0WERPHYsLhF9PtseiAMPBGNUOtFjxZ56prsg=="],

    "@types/passport-http-bearer": ["@types/passport-http-bearer@1.0.41", "", { "dependencies": { "@types/express": "*", "@types/koa": "*", "@types/passport": "*" } }, "sha512-ecW+9e8C+0id5iz3YZ+uIarsk/vaRPkKSajt1i1Am66t0mC9gDfQDKXZz9fnPOW2xKUufbmCSou4005VM94Feg=="],

    "@types/pg": ["@types/pg@8.15.4", "", { "dependencies": { "@types/node": "*", "pg-protocol": "*", "pg-types": "^2.2.0" } }, "sha512-I6UNVBAoYbvuWkkU3oosC8yxqH21f4/Jc4DK71JLG3dT2mdlGe1z+ep/LQGXaKaOgcvUrsQoPRqfgtMcvZiJhg=="],

    "@types/qs": ["@types/qs@6.14.0", "", {}, "sha512-eOunJqu0K1923aExK6y8p6fsihYEn/BYuQ4g0CxAAgFc4b/ZLN4CrsRZ55srTdqoiLzU2B2evC+apEIxprEzkQ=="],

    "@types/range-parser": ["@types/range-parser@1.2.7", "", {}, "sha512-hKormJbkJqzQGhziax5PItDUTMAM9uE2XXQmM37dyd4hVM+5aVl7oVxMVUiVQn2oCQFN/LKCZdvSM0pFRqbSmQ=="],

    "@types/send": ["@types/send@0.17.4", "", { "dependencies": { "@types/mime": "^1", "@types/node": "*" } }, "sha512-x2EM6TJOybec7c52BX0ZspPodMsQUd5L6PRwOunVyVUhXiBSKf3AezDL8Dgvgt5o0UfKNfuA0eMLr2wLT4AiBA=="],

    "@types/serve-static": ["@types/serve-static@1.15.7", "", { "dependencies": { "@types/http-errors": "*", "@types/node": "*", "@types/send": "*" } }, "sha512-W8Ym+h8nhuRwaKPaDw34QUkwsGi6Rc4yYqvKFo5rm2FUEhCFbzVWrxXUxuKK8TASjWsysJY0nsmNCGhCOIsrOw=="],

    "asn1js": ["asn1js@3.0.6", "", { "dependencies": { "pvtsutils": "^1.3.6", "pvutils": "^1.1.3", "tslib": "^2.8.1" } }, "sha512-UOCGPYbl0tv8+006qks/dTgV9ajs97X2p0FAbyS2iyCRrmLSRolDaHdp+v/CLgnzHc3fVB+CwYiUmei7ndFcgA=="],

    "atomic-sleep": ["atomic-sleep@1.0.0", "", {}, "sha512-kNOjDqAh7px0XWNI+4QbzoiR/nTkHAWNud2uvnJquD1/x5a7EQZMJT0AczqK0Qn67oY/TTQ1LbUKajZpp3I9tQ=="],

    "await-to-ts": ["await-to-ts@1.0.6", "", {}, "sha512-Lx6mzgdTbu6GHGhLd9jP5d3iE3fKDmkiI2JoLk37zZfMI4xau/8x/Iwh2Xmo/jH4O5hqnRfVpbjtxZoB7m8jQA=="],

    "better-auth": ["better-auth@1.2.8", "", { "dependencies": { "@better-auth/utils": "0.2.5", "@better-fetch/fetch": "^1.1.18", "@noble/ciphers": "^0.6.0", "@noble/hashes": "^1.6.1", "@simplewebauthn/browser": "^13.0.0", "@simplewebauthn/server": "^13.0.0", "better-call": "^1.0.8", "defu": "^6.1.4", "jose": "^5.9.6", "kysely": "^0.28.1", "nanostores": "^0.11.3", "zod": "^3.24.1" } }, "sha512-y8ry7ZW3/3ZIr82Eo1zUDtMzdoQlFnwNuZ0+b0RxoNZgqmvgTIc/0tCDC7NDJerqSu4UCzer0dvYxBsv3WMIGg=="],

    "better-call": ["better-call@1.0.9", "", { "dependencies": { "@better-fetch/fetch": "^1.1.4", "rou3": "^0.5.1", "set-cookie-parser": "^2.7.1", "uncrypto": "^0.1.3" } }, "sha512-Qfm0gjk0XQz0oI7qvTK1hbqTsBY4xV2hsHAxF8LZfUYl3RaECCIifXuVqtPpZJWvlCCMlQSvkvhhyuApGUba6g=="],

    "buffer-from": ["buffer-from@1.1.2", "", {}, "sha512-E+XQCRwSbaaiChtv6k6Dwgc+bx+Bs6vuKJHHl5kox/BaKbhiXzqQOwK4cO22yElGp2OCmjwVhT3HmxgyPGnJfQ=="],

    "bun-types": ["bun-types@1.2.14", "", { "dependencies": { "@types/node": "*" } }, "sha512-Kuh4Ub28ucMRWeiUUWMHsT9Wcbr4H3kLIO72RZZElSDxSu7vpetRvxIUDUaW6QtaIeixIpm7OXtNnZPf82EzwA=="],

    "date-fns": ["date-fns@4.1.0", "", {}, "sha512-Ukq0owbQXxa/U3EGtsdVBkR1w7KOQ5gIBqdH2hkvknzZPYvBxb/aa6E8L7tmjFtkwZBu3UXBbjIgPo/Ez4xaNg=="],

    "debug": ["debug@4.4.1", "", { "dependencies": { "ms": "^2.1.3" } }, "sha512-KcKCqiftBJcZr++7ykoDIEwSa3XWowTfNPo92BYxjXiyYEVrUQh2aLyhxBCwww+heortUFxEJYcRzosstTEBYQ=="],

    "defu": ["defu@6.1.4", "", {}, "sha512-mEQCMmwJu317oSz8CwdIOdwf3xMif1ttiM8LTufzc3g6kR+9Pe236twL8j3IYT1F7GfRgGcW6MWxzZjLIkuHIg=="],

    "drizzle-kit": ["drizzle-kit@0.31.1", "", { "dependencies": { "@drizzle-team/brocli": "^0.10.2", "@esbuild-kit/esm-loader": "^2.5.5", "esbuild": "^0.25.2", "esbuild-register": "^3.5.0" }, "bin": { "drizzle-kit": "bin.cjs" } }, "sha512-PUjYKWtzOzPtdtQlTHQG3qfv4Y0XT8+Eas6UbxCmxTj7qgMf+39dDujf1BP1I+qqZtw9uzwTh8jYtkMuCq+B0Q=="],

    "drizzle-orm": ["drizzle-orm@0.44.2", "", { "peerDependencies": { "@aws-sdk/client-rds-data": ">=3", "@cloudflare/workers-types": ">=4", "@electric-sql/pglite": ">=0.2.0", "@libsql/client": ">=0.10.0", "@libsql/client-wasm": ">=0.10.0", "@neondatabase/serverless": ">=0.10.0", "@op-engineering/op-sqlite": ">=2", "@opentelemetry/api": "^1.4.1", "@planetscale/database": ">=1.13", "@prisma/client": "*", "@tidbcloud/serverless": "*", "@types/better-sqlite3": "*", "@types/pg": "*", "@types/sql.js": "*", "@upstash/redis": ">=1.34.7", "@vercel/postgres": ">=0.8.0", "@xata.io/client": "*", "better-sqlite3": ">=7", "bun-types": "*", "expo-sqlite": ">=14.0.0", "gel": ">=2", "knex": "*", "kysely": "*", "mysql2": ">=2", "pg": ">=8", "postgres": ">=3", "sql.js": ">=1", "sqlite3": ">=5" }, "optionalPeers": ["@aws-sdk/client-rds-data", "@cloudflare/workers-types", "@electric-sql/pglite", "@libsql/client", "@libsql/client-wasm", "@neondatabase/serverless", "@op-engineering/op-sqlite", "@opentelemetry/api", "@planetscale/database", "@prisma/client", "@tidbcloud/serverless", "@types/better-sqlite3", "@types/pg", "@types/sql.js", "@upstash/redis", "@vercel/postgres", "@xata.io/client", "better-sqlite3", "bun-types", "expo-sqlite", "gel", "knex", "kysely", "mysql2", "pg", "postgres", "sql.js", "sqlite3"] }, "sha512-zGAqBzWWkVSFjZpwPOrmCrgO++1kZ5H/rZ4qTGeGOe18iXGVJWf3WPfHOVwFIbmi8kHjfJstC6rJomzGx8g/dQ=="],

    "esbuild": ["esbuild@0.25.5", "", { "optionalDependencies": { "@esbuild/aix-ppc64": "0.25.5", "@esbuild/android-arm": "0.25.5", "@esbuild/android-arm64": "0.25.5", "@esbuild/android-x64": "0.25.5", "@esbuild/darwin-arm64": "0.25.5", "@esbuild/darwin-x64": "0.25.5", "@esbuild/freebsd-arm64": "0.25.5", "@esbuild/freebsd-x64": "0.25.5", "@esbuild/linux-arm": "0.25.5", "@esbuild/linux-arm64": "0.25.5", "@esbuild/linux-ia32": "0.25.5", "@esbuild/linux-loong64": "0.25.5", "@esbuild/linux-mips64el": "0.25.5", "@esbuild/linux-ppc64": "0.25.5", "@esbuild/linux-riscv64": "0.25.5", "@esbuild/linux-s390x": "0.25.5", "@esbuild/linux-x64": "0.25.5", "@esbuild/netbsd-arm64": "0.25.5", "@esbuild/netbsd-x64": "0.25.5", "@esbuild/openbsd-arm64": "0.25.5", "@esbuild/openbsd-x64": "0.25.5", "@esbuild/sunos-x64": "0.25.5", "@esbuild/win32-arm64": "0.25.5", "@esbuild/win32-ia32": "0.25.5", "@esbuild/win32-x64": "0.25.5" }, "bin": { "esbuild": "bin/esbuild" } }, "sha512-P8OtKZRv/5J5hhz0cUAdu/cLuPIKXpQl1R9pZtvmHWQvrAUVd0UNIPT4IB4W3rNOqVO0rlqHmCIbSwxh/c9yUQ=="],

    "esbuild-register": ["esbuild-register@3.6.0", "", { "dependencies": { "debug": "^4.3.4" }, "peerDependencies": { "esbuild": ">=0.12 <1" } }, "sha512-H2/S7Pm8a9CL1uhp9OvjwrBh5Pvx0H8qVOxNu8Wed9Y7qv56MPtq+GGM8RJpq6glYJn9Wspr8uw7l55uyinNeg=="],

    "fast-redact": ["fast-redact@3.5.0", "", {}, "sha512-dwsoQlS7h9hMeYUq1W++23NDcBLV4KqONnITDV9DjfS3q1SgDGVrBdvvTLUotWtPSD7asWDV9/CmsZPy8Hf70A=="],

    "get-tsconfig": ["get-tsconfig@4.10.1", "", { "dependencies": { "resolve-pkg-maps": "^1.0.0" } }, "sha512-auHyJ4AgMz7vgS8Hp3N6HXSmlMdUyhSUrfBF16w153rxtLIEOE+HGqaBppczZvnHLqQJfiHotCYpNhl0lUROFQ=="],

    "hono": ["hono@4.7.10", "", {}, "sha512-QkACju9MiN59CKSY5JsGZCYmPZkA6sIW6OFCUp7qDjZu6S6KHtJHhAc9Uy9mV9F8PJ1/HQ3ybZF2yjCa/73fvQ=="],

    "jose": ["jose@5.10.0", "", {}, "sha512-s+3Al/p9g32Iq+oqXxkW//7jk2Vig6FF1CFqzVXoTUXt2qz89YWbL+OwS17NFYEvxC35n0FKeGO2LGYSxeM2Gg=="],

    "ky": ["ky@1.8.1", "", {}, "sha512-7Bp3TpsE+L+TARSnnDpk3xg8Idi8RwSLdj6CMbNWoOARIrGrbuLGusV0dYwbZOm4bB3jHNxSw8Wk/ByDqJEnDw=="],

    "kysely": ["kysely@0.28.2", "", {}, "sha512-4YAVLoF0Sf0UTqlhgQMFU9iQECdah7n+13ANkiuVfRvlK+uI0Etbgd7bVP36dKlG+NXWbhGua8vnGt+sdhvT7A=="],

    "ms": ["ms@2.1.3", "", {}, "sha512-6FlzubTLZG3J2a/NVCAleEhjzq5oxgHyaCU9yYXvcLsvoVaHJq/s5xXI6/XXP6tz7R9xAOtHnSO/tXtF3WRTlA=="],

    "nanoid": ["nanoid@5.1.5", "", { "bin": { "nanoid": "bin/nanoid.js" } }, "sha512-Ir/+ZpE9fDsNH0hQ3C68uyThDXzYcim2EqcZ8zn8Chtt1iylPT9xXJB0kPCnqzgcEGikO9RxSrh63MsmVCU7Fw=="],

    "nanostores": ["nanostores@0.11.4", "", {}, "sha512-k1oiVNN4hDK8NcNERSZLQiMfRzEGtfnvZvdBvey3SQbgn8Dcrk0h1I6vpxApjb10PFUflZrgJ2WEZyJQ+5v7YQ=="],

    "on-exit-leak-free": ["on-exit-leak-free@2.1.2", "", {}, "sha512-0eJJY6hXLGf1udHwfNftBqH+g73EU4B504nZeKpz1sYRKafAghwxEJunB2O7rDZkL4PGfsMVnTXZ2EjibbqcsA=="],

    "passport": ["passport@0.7.0", "", { "dependencies": { "passport-strategy": "1.x.x", "pause": "0.0.1", "utils-merge": "^1.0.1" } }, "sha512-cPLl+qZpSc+ireUvt+IzqbED1cHHkDoVYMo30jbJIdOOjQ1MQYZBPiNvmi8UM6lJuOpTPXJGZQk0DtC4y61MYQ=="],

    "passport-http-bearer": ["passport-http-bearer@1.0.1", "", { "dependencies": { "passport-strategy": "1.x.x" } }, "sha512-SELQM+dOTuMigr9yu8Wo4Fm3ciFfkMq5h/ZQ8ffi4ELgZrX1xh9PlglqZdcUZ1upzJD/whVyt+YWF62s3U6Ipw=="],

    "passport-strategy": ["passport-strategy@1.0.0", "", {}, "sha512-CB97UUvDKJde2V0KDWWB3lyf6PC3FaZP7YxZ2G8OAtn9p4HI9j9JLP9qjOGZFvyl8uwNT8qM+hGnz/n16NI7oA=="],

    "pause": ["pause@0.0.1", "", {}, "sha512-KG8UEiEVkR3wGEb4m5yZkVCzigAD+cVEJck2CzYZO37ZGJfctvVptVO192MwrtPhzONn6go8ylnOdMhKqi4nfg=="],

    "pg-int8": ["pg-int8@1.0.1", "", {}, "sha512-WCtabS6t3c8SkpDBUlb1kjOs7l66xsGdKpIPZsg4wR+B3+u9UAum2odSsF9tnvxg80h4ZxLWMy4pRjOsFIqQpw=="],

    "pg-protocol": ["pg-protocol@1.10.0", "", {}, "sha512-IpdytjudNuLv8nhlHs/UrVBhU0e78J0oIS/0AVdTbWxSOkFUVdsHC/NrorO6nXsQNDTT1kzDSOMJubBQviX18Q=="],

    "pg-types": ["pg-types@2.2.0", "", { "dependencies": { "pg-int8": "1.0.1", "postgres-array": "~2.0.0", "postgres-bytea": "~1.0.0", "postgres-date": "~1.0.4", "postgres-interval": "^1.1.0" } }, "sha512-qTAAlrEsl8s4OiEQY69wDvcMIdQN6wdz5ojQiOy6YRMuynxenON0O5oCpJI6lshc6scgAY8qvJ2On/p+CXY0GA=="],

    "pino": ["pino@9.7.0", "", { "dependencies": { "atomic-sleep": "^1.0.0", "fast-redact": "^3.1.1", "on-exit-leak-free": "^2.1.0", "pino-abstract-transport": "^2.0.0", "pino-std-serializers": "^7.0.0", "process-warning": "^5.0.0", "quick-format-unescaped": "^4.0.3", "real-require": "^0.2.0", "safe-stable-stringify": "^2.3.1", "sonic-boom": "^4.0.1", "thread-stream": "^3.0.0" }, "bin": { "pino": "bin.js" } }, "sha512-vnMCM6xZTb1WDmLvtG2lE/2p+t9hDEIvTWJsu6FejkE62vB7gDhvzrpFR4Cw2to+9JNQxVnkAKVPA1KPB98vWg=="],

    "pino-abstract-transport": ["pino-abstract-transport@2.0.0", "", { "dependencies": { "split2": "^4.0.0" } }, "sha512-F63x5tizV6WCh4R6RHyi2Ml+M70DNRXt/+HANowMflpgGFMAym/VKm6G7ZOQRjqN7XbGxK1Lg9t6ZrtzOaivMw=="],

    "pino-std-serializers": ["pino-std-serializers@7.0.0", "", {}, "sha512-e906FRY0+tV27iq4juKzSYPbUj2do2X2JX4EzSca1631EB2QJQUqGbDuERal7LCtOpxl6x3+nvo9NPZcmjkiFA=="],

    "postgres-array": ["postgres-array@2.0.0", "", {}, "sha512-VpZrUqU5A69eQyW2c5CA1jtLecCsN2U/bD6VilrFDWq5+5UIEVO7nazS3TEcHf1zuPYO/sqGvUvW62g86RXZuA=="],

    "postgres-bytea": ["postgres-bytea@1.0.0", "", {}, "sha512-xy3pmLuQqRBZBXDULy7KbaitYqLcmxigw14Q5sj8QBVLqEwXfeybIKVWiqAXTlcvdvb0+xkOtDbfQMOf4lST1w=="],

    "postgres-date": ["postgres-date@1.0.7", "", {}, "sha512-suDmjLVQg78nMK2UZ454hAG+OAW+HQPZ6n++TNDUX+L0+uUlLywnoxJKDou51Zm+zTCjrCl0Nq6J9C5hP9vK/Q=="],

    "postgres-interval": ["postgres-interval@1.2.0", "", { "dependencies": { "xtend": "^4.0.0" } }, "sha512-9ZhXKM/rw350N1ovuWHbGxnGh/SNJ4cnxHiM0rxE4VN41wsg8P8zWn9hv/buK00RP4WvlOyr/RBDiptyxVbkZQ=="],

    "process-warning": ["process-warning@5.0.0", "", {}, "sha512-a39t9ApHNx2L4+HBnQKqxxHNs1r7KF+Intd8Q/g1bUh6q0WIp9voPXJ/x0j+ZL45KF1pJd9+q2jLIRMfvEshkA=="],

    "pvtsutils": ["pvtsutils@1.3.6", "", { "dependencies": { "tslib": "^2.8.1" } }, "sha512-PLgQXQ6H2FWCaeRak8vvk1GW462lMxB5s3Jm673N82zI4vqtVUPuZdffdZbPDFRoU8kAhItWFtPCWiPpp4/EDg=="],

    "pvutils": ["pvutils@1.1.3", "", {}, "sha512-pMpnA0qRdFp32b1sJl1wOJNxZLQ2cbQx+k6tjNtZ8CpvVhNqEPRgivZ2WOUev2YMajecdH7ctUPDvEe87nariQ=="],

    "quick-format-unescaped": ["quick-format-unescaped@4.0.4", "", {}, "sha512-tYC1Q1hgyRuHgloV/YXs2w15unPVh8qfu/qCTfhTYamaw7fyhumKa2yGpdSo87vY32rIclj+4fWYQXUMs9EHvg=="],

    "real-require": ["real-require@0.2.0", "", {}, "sha512-57frrGM/OCTLqLOAh0mhVA9VBMHd+9U7Zb2THMGdBUoZVOtGbJzjxsYGDJ3A9AYYCP4hn6y1TVbaOfzWtm5GFg=="],

    "resolve-pkg-maps": ["resolve-pkg-maps@1.0.0", "", {}, "sha512-seS2Tj26TBVOC2NIc2rOe2y2ZO7efxITtLZcGSOnHHNOQ7CkiUBfw0Iw2ck6xkIhPwLhKNLS8BO+hEpngQlqzw=="],

    "rou3": ["rou3@0.5.1", "", {}, "sha512-OXMmJ3zRk2xeXFGfA3K+EOPHC5u7RDFG7lIOx0X1pdnhUkI8MdVrbV+sNsD80ElpUZ+MRHdyxPnFthq9VHs8uQ=="],

    "safe-stable-stringify": ["safe-stable-stringify@2.5.0", "", {}, "sha512-b3rppTKm9T+PsVCBEOUR46GWI7fdOs00VKZ1+9c1EWDaDMvjQc6tUwuFyIprgGgTcWoVHSKrU8H31ZHA2e0RHA=="],

    "set-cookie-parser": ["set-cookie-parser@2.7.1", "", {}, "sha512-IOc8uWeOZgnb3ptbCURJWNjWUPcO3ZnTTdzsurqERrP6nPyv+paC55vJM0LpOlT2ne+Ix+9+CRG1MNLlyZ4GjQ=="],

    "sonic-boom": ["sonic-boom@4.2.0", "", { "dependencies": { "atomic-sleep": "^1.0.0" } }, "sha512-INb7TM37/mAcsGmc9hyyI6+QR3rR1zVRu36B0NeGXKnOOLiZOfER5SA+N7X7k3yUYRzLWafduTDvJAfDswwEww=="],

    "source-map": ["source-map@0.6.1", "", {}, "sha512-UjgapumWlbMhkBgzT7Ykc5YXUT46F0iKu8SGXq0bcwP5dz/h0Plj6enJqjz1Zbq2l5WaqYnrVbwWOWMyF3F47g=="],

    "source-map-support": ["source-map-support@0.5.21", "", { "dependencies": { "buffer-from": "^1.0.0", "source-map": "^0.6.0" } }, "sha512-uBHU3L3czsIyYXKX88fdrGovxdSCoTGDRZ6SYXtSRxLZUzHg5P/66Ht6uoUlHu9EZod+inXhKo3qQgwXUT/y1w=="],

    "split2": ["split2@4.2.0", "", {}, "sha512-UcjcJOWknrNkF6PLX83qcHM6KHgVKNkV62Y8a5uYDVv9ydGQVwAHMKqHdJje1VTWpljG0WYpCDhrCdAOYH4TWg=="],

    "thread-stream": ["thread-stream@3.1.0", "", { "dependencies": { "real-require": "^0.2.0" } }, "sha512-OqyPZ9u96VohAyMfJykzmivOrY2wfMSf3C5TtFJVgN+Hm6aj+voFhlK+kZEIv2FBh1X6Xp3DlnCOfEQ3B2J86A=="],

    "ts-pattern": ["ts-pattern@5.7.1", "", {}, "sha512-EGs8PguQqAAUIcQfK4E9xdXxB6s2GK4sJfT/vcc9V1ELIvC4LH/zXu2t/5fajtv6oiRCxdv7BgtVK3vWgROxag=="],

    "tslib": ["tslib@2.8.1", "", {}, "sha512-oJFu94HQb+KVduSUQL7wnpmqnfmLsOA/nAh6b6EH0wCEoK0/mPeXU6c3wKDV83MkOuHPRHtSXKKU99IBazS/2w=="],

    "typescript": ["typescript@5.8.3", "", { "bin": { "tsc": "bin/tsc", "tsserver": "bin/tsserver" } }, "sha512-p1diW6TqL9L07nNxvRMM7hMMw4c5XOo/1ibL4aAIGmSAt9slTE1Xgw5KWuof2uTOvCg9BY7ZRi+GaF+7sfgPeQ=="],

    "uncrypto": ["uncrypto@0.1.3", "", {}, "sha512-Ql87qFHB3s/De2ClA9e0gsnS6zXG27SkTiSJwjCc9MebbfapQfuPzumMIUMi38ezPZVNFcHI9sUIepeQfw8J8Q=="],

    "undici-types": ["undici-types@6.21.0", "", {}, "sha512-iwDZqg0QAGrg9Rav5H4n0M64c3mkR59cJ6wQp+7C4nI0gsmExaedaYLNO44eT4AtBBwjbTiGPMlt2Md0T9H9JQ=="],

    "utils-merge": ["utils-merge@1.0.1", "", {}, "sha512-pMZTvIkT1d+TFGvDOqodOclx0QWkkgi6Tdoa8gC8ffGAAqz9pzPTZWAybbsHHoED/ztMtkv/VoYTYyShUn81hA=="],

    "xtend": ["xtend@4.0.2", "", {}, "sha512-LKYU1iAXJXUgAXn9URjiu+MWhyUXHsvfp7mcuYm9dSUKK0/CjtrUwFAxD82/mCWbtLsGjFIad0wIsod4zrTAEQ=="],

    "zod": ["zod@3.25.36", "", {}, "sha512-eRFS3i8T0IrpGdL8HQyqFAugGOn7jOjyGgGdtv5NY4Wkhi7lJDk732bNZ609YMIGFbLoaj6J69O1Mura23gfIw=="],

    "@esbuild-kit/core-utils/esbuild": ["esbuild@0.18.20", "", { "optionalDependencies": { "@esbuild/android-arm": "0.18.20", "@esbuild/android-arm64": "0.18.20", "@esbuild/android-x64": "0.18.20", "@esbuild/darwin-arm64": "0.18.20", "@esbuild/darwin-x64": "0.18.20", "@esbuild/freebsd-arm64": "0.18.20", "@esbuild/freebsd-x64": "0.18.20", "@esbuild/linux-arm": "0.18.20", "@esbuild/linux-arm64": "0.18.20", "@esbuild/linux-ia32": "0.18.20", "@esbuild/linux-loong64": "0.18.20", "@esbuild/linux-mips64el": "0.18.20", "@esbuild/linux-ppc64": "0.18.20", "@esbuild/linux-riscv64": "0.18.20", "@esbuild/linux-s390x": "0.18.20", "@esbuild/linux-x64": "0.18.20", "@esbuild/netbsd-x64": "0.18.20", "@esbuild/openbsd-x64": "0.18.20", "@esbuild/sunos-x64": "0.18.20", "@esbuild/win32-arm64": "0.18.20", "@esbuild/win32-ia32": "0.18.20", "@esbuild/win32-x64": "0.18.20" }, "bin": { "esbuild": "bin/esbuild" } }, "sha512-ceqxoedUrcayh7Y7ZX6NdbbDzGROiyVBgC4PriJThBKSVPWnnFHZAkfI1lJT8QFkOwH4qOS2SJkS4wvpGl8BpA=="],

    "@scalar/openapi-types/zod": ["zod@3.24.1", "", {}, "sha512-muH7gBL9sI1nciMZV67X5fTKKBLtwpZ5VBp1vsOQzj1MhrBZ4wlVCm3gedKZWLp0Oyel8sIGfeiz54Su+OVT+A=="],

    "@scalar/types/zod": ["zod@3.24.1", "", {}, "sha512-muH7gBL9sI1nciMZV67X5fTKKBLtwpZ5VBp1vsOQzj1MhrBZ4wlVCm3gedKZWLp0Oyel8sIGfeiz54Su+OVT+A=="],

    "@esbuild-kit/core-utils/esbuild/@esbuild/android-arm": ["@esbuild/android-arm@0.18.20", "", { "os": "android", "cpu": "arm" }, "sha512-fyi7TDI/ijKKNZTUJAQqiG5T7YjJXgnzkURqmGj13C6dCqckZBLdl4h7bkhHt/t0WP+zO9/zwroDvANaOqO5Sw=="],

    "@esbuild-kit/core-utils/esbuild/@esbuild/android-arm64": ["@esbuild/android-arm64@0.18.20", "", { "os": "android", "cpu": "arm64" }, "sha512-Nz4rJcchGDtENV0eMKUNa6L12zz2zBDXuhj/Vjh18zGqB44Bi7MBMSXjgunJgjRhCmKOjnPuZp4Mb6OKqtMHLQ=="],

    "@esbuild-kit/core-utils/esbuild/@esbuild/android-x64": ["@esbuild/android-x64@0.18.20", "", { "os": "android", "cpu": "x64" }, "sha512-8GDdlePJA8D6zlZYJV/jnrRAi6rOiNaCC/JclcXpB+KIuvfBN4owLtgzY2bsxnx666XjJx2kDPUmnTtR8qKQUg=="],

    "@esbuild-kit/core-utils/esbuild/@esbuild/darwin-arm64": ["@esbuild/darwin-arm64@0.18.20", "", { "os": "darwin", "cpu": "arm64" }, "sha512-bxRHW5kHU38zS2lPTPOyuyTm+S+eobPUnTNkdJEfAddYgEcll4xkT8DB9d2008DtTbl7uJag2HuE5NZAZgnNEA=="],

    "@esbuild-kit/core-utils/esbuild/@esbuild/darwin-x64": ["@esbuild/darwin-x64@0.18.20", "", { "os": "darwin", "cpu": "x64" }, "sha512-pc5gxlMDxzm513qPGbCbDukOdsGtKhfxD1zJKXjCCcU7ju50O7MeAZ8c4krSJcOIJGFR+qx21yMMVYwiQvyTyQ=="],

    "@esbuild-kit/core-utils/esbuild/@esbuild/freebsd-arm64": ["@esbuild/freebsd-arm64@0.18.20", "", { "os": "freebsd", "cpu": "arm64" }, "sha512-yqDQHy4QHevpMAaxhhIwYPMv1NECwOvIpGCZkECn8w2WFHXjEwrBn3CeNIYsibZ/iZEUemj++M26W3cNR5h+Tw=="],

    "@esbuild-kit/core-utils/esbuild/@esbuild/freebsd-x64": ["@esbuild/freebsd-x64@0.18.20", "", { "os": "freebsd", "cpu": "x64" }, "sha512-tgWRPPuQsd3RmBZwarGVHZQvtzfEBOreNuxEMKFcd5DaDn2PbBxfwLcj4+aenoh7ctXcbXmOQIn8HI6mCSw5MQ=="],

    "@esbuild-kit/core-utils/esbuild/@esbuild/linux-arm": ["@esbuild/linux-arm@0.18.20", "", { "os": "linux", "cpu": "arm" }, "sha512-/5bHkMWnq1EgKr1V+Ybz3s1hWXok7mDFUMQ4cG10AfW3wL02PSZi5kFpYKrptDsgb2WAJIvRcDm+qIvXf/apvg=="],

    "@esbuild-kit/core-utils/esbuild/@esbuild/linux-arm64": ["@esbuild/linux-arm64@0.18.20", "", { "os": "linux", "cpu": "arm64" }, "sha512-2YbscF+UL7SQAVIpnWvYwM+3LskyDmPhe31pE7/aoTMFKKzIc9lLbyGUpmmb8a8AixOL61sQ/mFh3jEjHYFvdA=="],

    "@esbuild-kit/core-utils/esbuild/@esbuild/linux-ia32": ["@esbuild/linux-ia32@0.18.20", "", { "os": "linux", "cpu": "ia32" }, "sha512-P4etWwq6IsReT0E1KHU40bOnzMHoH73aXp96Fs8TIT6z9Hu8G6+0SHSw9i2isWrD2nbx2qo5yUqACgdfVGx7TA=="],

    "@esbuild-kit/core-utils/esbuild/@esbuild/linux-loong64": ["@esbuild/linux-loong64@0.18.20", "", { "os": "linux", "cpu": "none" }, "sha512-nXW8nqBTrOpDLPgPY9uV+/1DjxoQ7DoB2N8eocyq8I9XuqJ7BiAMDMf9n1xZM9TgW0J8zrquIb/A7s3BJv7rjg=="],

    "@esbuild-kit/core-utils/esbuild/@esbuild/linux-mips64el": ["@esbuild/linux-mips64el@0.18.20", "", { "os": "linux", "cpu": "none" }, "sha512-d5NeaXZcHp8PzYy5VnXV3VSd2D328Zb+9dEq5HE6bw6+N86JVPExrA6O68OPwobntbNJ0pzCpUFZTo3w0GyetQ=="],

    "@esbuild-kit/core-utils/esbuild/@esbuild/linux-ppc64": ["@esbuild/linux-ppc64@0.18.20", "", { "os": "linux", "cpu": "ppc64" }, "sha512-WHPyeScRNcmANnLQkq6AfyXRFr5D6N2sKgkFo2FqguP44Nw2eyDlbTdZwd9GYk98DZG9QItIiTlFLHJHjxP3FA=="],

    "@esbuild-kit/core-utils/esbuild/@esbuild/linux-riscv64": ["@esbuild/linux-riscv64@0.18.20", "", { "os": "linux", "cpu": "none" }, "sha512-WSxo6h5ecI5XH34KC7w5veNnKkju3zBRLEQNY7mv5mtBmrP/MjNBCAlsM2u5hDBlS3NGcTQpoBvRzqBcRtpq1A=="],

    "@esbuild-kit/core-utils/esbuild/@esbuild/linux-s390x": ["@esbuild/linux-s390x@0.18.20", "", { "os": "linux", "cpu": "s390x" }, "sha512-+8231GMs3mAEth6Ja1iK0a1sQ3ohfcpzpRLH8uuc5/KVDFneH6jtAJLFGafpzpMRO6DzJ6AvXKze9LfFMrIHVQ=="],

    "@esbuild-kit/core-utils/esbuild/@esbuild/linux-x64": ["@esbuild/linux-x64@0.18.20", "", { "os": "linux", "cpu": "x64" }, "sha512-UYqiqemphJcNsFEskc73jQ7B9jgwjWrSayxawS6UVFZGWrAAtkzjxSqnoclCXxWtfwLdzU+vTpcNYhpn43uP1w=="],

    "@esbuild-kit/core-utils/esbuild/@esbuild/netbsd-x64": ["@esbuild/netbsd-x64@0.18.20", "", { "os": "none", "cpu": "x64" }, "sha512-iO1c++VP6xUBUmltHZoMtCUdPlnPGdBom6IrO4gyKPFFVBKioIImVooR5I83nTew5UOYrk3gIJhbZh8X44y06A=="],

    "@esbuild-kit/core-utils/esbuild/@esbuild/openbsd-x64": ["@esbuild/openbsd-x64@0.18.20", "", { "os": "openbsd", "cpu": "x64" }, "sha512-e5e4YSsuQfX4cxcygw/UCPIEP6wbIL+se3sxPdCiMbFLBWu0eiZOJ7WoD+ptCLrmjZBK1Wk7I6D/I3NglUGOxg=="],

    "@esbuild-kit/core-utils/esbuild/@esbuild/sunos-x64": ["@esbuild/sunos-x64@0.18.20", "", { "os": "sunos", "cpu": "x64" }, "sha512-kDbFRFp0YpTQVVrqUd5FTYmWo45zGaXe0X8E1G/LKFC0v8x0vWrhOWSLITcCn63lmZIxfOMXtCfti/RxN/0wnQ=="],

    "@esbuild-kit/core-utils/esbuild/@esbuild/win32-arm64": ["@esbuild/win32-arm64@0.18.20", "", { "os": "win32", "cpu": "arm64" }, "sha512-ddYFR6ItYgoaq4v4JmQQaAI5s7npztfV4Ag6NrhiaW0RrnOXqBkgwZLofVTlq1daVTQNhtI5oieTvkRPfZrePg=="],

    "@esbuild-kit/core-utils/esbuild/@esbuild/win32-ia32": ["@esbuild/win32-ia32@0.18.20", "", { "os": "win32", "cpu": "ia32" }, "sha512-Wv7QBi3ID/rROT08SABTS7eV4hX26sVduqDOTe1MvGMjNd3EjOz4b7zeexIR62GTIEKrfJXKL9LFxTYgkyeu7g=="],

    "@esbuild-kit/core-utils/esbuild/@esbuild/win32-x64": ["@esbuild/win32-x64@0.18.20", "", { "os": "win32", "cpu": "x64" }, "sha512-kTdfRcSiDfQca/y9QIkng02avJ+NCaQvrMejlsB3RRv5sE9rRoeBPISaZpKxHELzRxZyLvNts1P27W3wV+8geQ=="],
  }
}
